
Microsoft Visual Studio Solution File, Format Version 12.00
# Visual Studio Version 16
VisualStudioVersion = 16.0.32002.261
MinimumVisualStudioVersion = 10.0.40219.1
Project("{FAE04EC0-301F-11D3-BF4B-00C04F79EFBC}") = "properties", "properties\properties.csproj", "{8BB3BBAD-3205-4082-A7F7-CA788D83E208}"
EndProject
Project("{FAE04EC0-301F-11D3-BF4B-00C04F79EFBC}") = "Indexers", "Indexers\Indexers.csproj", "{DFC5823D-B228-4DAB-94E6-140FC23AB0F5}"
EndProject
Project("{FAE04EC0-301F-11D3-BF4B-00C04F79EFBC}") = "nameSpaces", "nameSpaces\nameSpaces.csproj", "{E21118D6-F2B1-428E-824B-6934DE990026}"
EndProject
Global
	GlobalSection(SolutionConfigurationPlatforms) = preSolution
		Debug|Any CPU = Debug|Any CPU
		Release|Any CPU = Release|Any CPU
	EndGlobalSection
	GlobalSection(ProjectConfigurationPlatforms) = postSolution
		{8BB3BBAD-3205-4082-A7F7-CA788D83E208}.Debug|Any CPU.ActiveCfg = Debug|Any CPU
		{8BB3BBAD-3205-4082-A7F7-CA788D83E208}.Debug|Any CPU.Build.0 = Debug|Any CPU
		{8BB3BBAD-3205-4082-A7F7-CA788D83E208}.Release|Any CPU.ActiveCfg = Release|Any CPU
		{8BB3BBAD-3205-4082-A7F7-CA788D83E208}.Release|Any CPU.Build.0 = Release|Any CPU
		{DFC5823D-B228-4DAB-94E6-140FC23AB0F5}.Debug|Any CPU.ActiveCfg = Debug|Any CPU
		{DFC5823D-B228-4DAB-94E6-140FC23AB0F5}.Debug|Any CPU.Build.0 = Debug|Any CPU
		{DFC5823D-B228-4DAB-94E6-140FC23AB0F5}.Release|Any CPU.ActiveCfg = Release|Any CPU
		{DFC5823D-B228-4DAB-94E6-140FC23AB0F5}.Release|Any CPU.Build.0 = Release|Any CPU
		{E21118D6-F2B1-428E-824B-6934DE990026}.Debug|Any CPU.ActiveCfg = Debug|Any CPU
		{E21118D6-F2B1-428E-824B-6934DE990026}.Debug|Any CPU.Build.0 = Debug|Any CPU
		{E21118D6-F2B1-428E-824B-6934DE990026}.Release|Any CPU.ActiveCfg = Release|Any CPU
		{E21118D6-F2B1-428E-824B-6934DE990026}.Release|Any CPU.Build.0 = Release|Any CPU
	EndGlobalSection
	GlobalSection(SolutionProperties) = preSolution
		HideSolutionNode = FALSE
	EndGlobalSection
	GlobalSection(ExtensibilityGlobals) = postSolution
		SolutionGuid = {F4EBED8E-B013-4472-A3A1-89E60504633D}
	EndGlobalSection
EndGlobal
