
Microsoft Visual Studio Solution File, Format Version 12.00
# Visual Studio Version 16
VisualStudioVersion = 16.0.32002.261
MinimumVisualStudioVersion = 10.0.40219.1
Project("{FAE04EC0-301F-11D3-BF4B-00C04F79EFBC}") = "AnonymousMethod", "AnonymousMethod\AnonymousMethod.csproj", "{B1699F48-7E68-4C63-A9F6-4A3248AC6124}"
EndProject
Global
	GlobalSection(SolutionConfigurationPlatforms) = preSolution
		Debug|Any CPU = Debug|Any CPU
		Release|Any CPU = Release|Any CPU
	EndGlobalSection
	GlobalSection(ProjectConfigurationPlatforms) = postSolution
		{B1699F48-7E68-4C63-A9F6-4A3248AC6124}.Debug|Any CPU.ActiveCfg = Debug|Any CPU
		{B1699F48-7E68-4C63-A9F6-4A3248AC6124}.Debug|Any CPU.Build.0 = Debug|Any CPU
		{B1699F48-7E68-4C63-A9F6-4A3248AC6124}.Release|Any CPU.ActiveCfg = Release|Any CPU
		{B1699F48-7E68-4C63-A9F6-4A3248AC6124}.Release|Any CPU.Build.0 = Release|Any CPU
	EndGlobalSection
	GlobalSection(SolutionProperties) = preSolution
		HideSolutionNode = FALSE
	EndGlobalSection
	GlobalSection(ExtensibilityGlobals) = postSolution
		SolutionGuid = {7C16FA7B-B2F5-40A5-8270-920B5EEECC24}
	EndGlobalSection
EndGlobal
