
Microsoft Visual Studio Solution File, Format Version 12.00
# Visual Studio Version 16
VisualStudioVersion = 16.0.32002.261
MinimumVisualStudioVersion = 10.0.40219.1
Project("{FAE04EC0-301F-11D3-BF4B-00C04F79EFBC}") = "WinFormsApp3", "WinFormsApp3\WinFormsApp3.csproj", "{296D02A3-8D6D-4FC2-9B41-B3FFE4B94E42}"
EndProject
Global
	GlobalSection(SolutionConfigurationPlatforms) = preSolution
		Debug|Any CPU = Debug|Any CPU
		Release|Any CPU = Release|Any CPU
	EndGlobalSection
	GlobalSection(ProjectConfigurationPlatforms) = postSolution
		{296D02A3-8D6D-4FC2-9B41-B3FFE4B94E42}.Debug|Any CPU.ActiveCfg = Debug|Any CPU
		{296D02A3-8D6D-4FC2-9B41-B3FFE4B94E42}.Debug|Any CPU.Build.0 = Debug|Any CPU
		{296D02A3-8D6D-4FC2-9B41-B3FFE4B94E42}.Release|Any CPU.ActiveCfg = Release|Any CPU
		{296D02A3-8D6D-4FC2-9B41-B3FFE4B94E42}.Release|Any CPU.Build.0 = Release|Any CPU
	EndGlobalSection
	GlobalSection(SolutionProperties) = preSolution
		HideSolutionNode = FALSE
	EndGlobalSection
	GlobalSection(ExtensibilityGlobals) = postSolution
		SolutionGuid = {2B84F0B8-0261-412B-9D55-A9D75BB7C212}
	EndGlobalSection
EndGlobal
